
Microsoft Visual Studio Solution File, Format Version 12.00
# Visual Studio Version 16
VisualStudioVersion = 16.0.29009.5
MinimumVisualStudioVersion = 10.0.40219.1
Project("{9A19103F-16F7-4668-BE54-9A1E7A4F7556}") = "Neolution.Abstractions", "Neolution.Abstractions\Neolution.Abstractions.csproj", "{AD943466-336F-4313-AEB5-F7FB72678E07}"
EndProject
Project("{9A19103F-16F7-4668-BE54-9A1E7A4F7556}") = "Neolution.Abstractions.UnitTests", "Neolution.Abstractions.UnitTests\Neolution.Abstractions.UnitTests.csproj", "{C7C670F4-71EE-4CCF-BB93-1FD09B7C8F03}"
EndProject
Global
	GlobalSection(SolutionConfigurationPlatforms) = preSolution
		Debug|Any CPU = Debug|Any CPU
		Release|Any CPU = Release|Any CPU
	EndGlobalSection
	GlobalSection(ProjectConfigurationPlatforms) = postSolution
		{AD943466-336F-4313-AEB5-F7FB72678E07}.Debug|Any CPU.ActiveCfg = Debug|Any CPU
		{AD943466-336F-4313-AEB5-F7FB72678E07}.Debug|Any CPU.Build.0 = Debug|Any CPU
		{AD943466-336F-4313-AEB5-F7FB72678E07}.Release|Any CPU.ActiveCfg = Release|Any CPU
		{AD943466-336F-4313-AEB5-F7FB72678E07}.Release|Any CPU.Build.0 = Release|Any CPU
		{C7C670F4-71EE-4CCF-BB93-1FD09B7C8F03}.Debug|Any CPU.ActiveCfg = Debug|Any CPU
		{C7C670F4-71EE-4CCF-BB93-1FD09B7C8F03}.Debug|Any CPU.Build.0 = Debug|Any CPU
		{C7C670F4-71EE-4CCF-BB93-1FD09B7C8F03}.Release|Any CPU.ActiveCfg = Release|Any CPU
		{C7C670F4-71EE-4CCF-BB93-1FD09B7C8F03}.Release|Any CPU.Build.0 = Release|Any CPU
	EndGlobalSection
	GlobalSection(SolutionProperties) = preSolution
		HideSolutionNode = FALSE
	EndGlobalSection
	GlobalSection(ExtensibilityGlobals) = postSolution
		SolutionGuid = {E60C5E31-CDC6-4724-AFCD-CDF18246CE43}
	EndGlobalSection
EndGlobal
